{
  "name": "clickhouse-overviewer",
  "version": "1.0.0",
  "lockfileVersion": 1,
  "requires": true,
  "dependencies": {
    "@clickhouse/client": {
      "version": "0.2.10",
      "resolved": "https://registry.npmjs.org/@clickhouse/client/-/client-0.2.10.tgz",
      "integrity": "sha512-ZwBgzjEAFN/ogS0ym5KHVbR7Hx/oYCX01qGp2baEyfN2HM73kf/7Vp3GvMHWRy+zUXISONEtFv7UTViOXnmFrg==",
      "requires": {
        "@clickhouse/client-common": "0.2.10"
      }
    },
    "@clickhouse/client-common": {
      "version": "0.2.10",
      "resolved": "https://registry.npmjs.org/@clickhouse/client-common/-/client-common-0.2.10.tgz",
      "integrity": "sha512-BvTY0IXS96y9RUeNCpKL4HUzHmY80L0lDcGN0lmUD6zjOqYMn78+xyHYJ/AIAX7JQsc+/KwFt2soZutQTKxoGQ=="
    },
    "@types/node": {
      "version": "20.12.7",
      "resolved": "https://registry.npmjs.org/@types/node/-/node-20.12.7.tgz",
      "integrity": "sha512-wq0cICSkRLVaf3UGLMGItu/PtdY7oaXaI/RVU+xliKVOtRna3PRY57ZDfztpDL0n11vfymMUnXv8QwYCO7L1wg==",
      "dev": true,
      "requires": {
        "undici-types": "~5.26.4"
      }
    },
    "dotenv": {
      "version": "16.4.5",
      "resolved": "https://registry.npmjs.org/dotenv/-/dotenv-16.4.5.tgz",
      "integrity": "sha512-ZmdL2rui+eB2YwhsWzjInR8LldtZHGDoQ1ugH85ppHKwpUHL7j7rN0Ti9NCnGiQbhaZ11FpR+7ao1dNsmduNUg=="
    },
    "typescript": {
      "version": "5.4.5",
      "resolved": "https://registry.npmjs.org/typescript/-/typescript-5.4.5.tgz",
      "integrity": "sha512-vcI4UpRgg81oIRUFwR0WSIHKt11nJ7SAVlYNIu+QpqeyXP+gpQJy/Z4+F0aGxSE4MqwjyXvW/TzgkLAx2AGHwQ==",
      "dev": true
    },
    "undici-types": {
      "version": "5.26.5",
      "resolved": "https://registry.npmjs.org/undici-types/-/undici-types-5.26.5.tgz",
      "integrity": "sha512-JlCMO+ehdEIKqlFxk6IfVoAUVmgz7cU7zD/h9XZ0qzeosSHmUJVOzSQvvYSYWXkFXC+IfLKSIffhv0sVZup6pA==",
      "dev": true
    }
  }
}
